
Microsoft Visual Studio Solution File, Format Version 12.00
# Visual Studio Version 17
VisualStudioVersion = 17.11.34909.67
MinimumVisualStudioVersion = 10.0.40219.1
Project("{9A19103F-16F7-4668-BE54-9A1E7A4F7556}") = "CSharpAlgorithms", "CSharpAlgorithms.csproj", "{48B511B6-809F-4FF1-B7D5-5FA8012EBB45}"
EndProject
Global
	GlobalSection(SolutionConfigurationPlatforms) = preSolution
		Debug|Any CPU = Debug|Any CPU
		Release|Any CPU = Release|Any CPU
	EndGlobalSection
	GlobalSection(ProjectConfigurationPlatforms) = postSolution
		{48B511B6-809F-4FF1-B7D5-5FA8012EBB45}.Debug|Any CPU.ActiveCfg = Debug|Any CPU
		{48B511B6-809F-4FF1-B7D5-5FA8012EBB45}.Debug|Any CPU.Build.0 = Debug|Any CPU
		{48B511B6-809F-4FF1-B7D5-5FA8012EBB45}.Release|Any CPU.ActiveCfg = Release|Any CPU
		{48B511B6-809F-4FF1-B7D5-5FA8012EBB45}.Release|Any CPU.Build.0 = Release|Any CPU
	EndGlobalSection
	GlobalSection(SolutionProperties) = preSolution
		HideSolutionNode = FALSE
	EndGlobalSection
	GlobalSection(ExtensibilityGlobals) = postSolution
		SolutionGuid = {A5375F74-F704-4EDD-8551-4AF462A45CA0}
	EndGlobalSection
EndGlobal
